// !$*UTF8*$!
{archiveVersion = 1; classes = {}; objectVersion = 60; objects = {
F0B7838B0BD50AC8BD69605F = {isa = PBXFileReference; lastKnownFileType = sourcecode.swift; path = "NBATradeMachine/Models/CBAException.swift"; sourceTree = SOURCE_ROOT; };
0C299753D0B84D53AFD8F99C = {isa = PBXBuildFile; fileRef = F0B7838B0BD50AC8BD69605F; };
FA9020562F15A190F30DB483 = {isa = PBXFileReference; lastKnownFileType = sourcecode.swift; path = "NBATradeMachine/Models/ComplianceIssue.swift"; sourceTree = SOURCE_ROOT; };
638E4306846E51E10CF7DD36 = {isa = PBXBuildFile; fileRef = FA9020562F15A190F30DB483; };
64D16F5F013E1731BED9C8C3 = {isa = PBXFileReference; lastKnownFileType = sourcecode.swift; path = "NBATradeMachine/Models/CompZValuation.swift"; sourceTree = SOURCE_ROOT; };
9E1092A5A486152DEA46696C = {isa = PBXBuildFile; fileRef = 64D16F5F013E1731BED9C8C3; };
4823AEF0AC28B47DC43351E4 = {isa = PBXFileReference; lastKnownFileType = sourcecode.swift; path = "NBATradeMachine/Models/LatentValue.swift"; sourceTree = SOURCE_ROOT; };
C7F8CA5CCE122A329D718B0A = {isa = PBXBuildFile; fileRef = 4823AEF0AC28B47DC43351E4; };
5EDE2D4AFDF8545D6A273BB8 = {isa = PBXFileReference; lastKnownFileType = sourcecode.swift; path = "NBATradeMachine/Models/LeagueRules.swift"; sourceTree = SOURCE_ROOT; };
159AB4FF1DB201CB770140D2 = {isa = PBXBuildFile; fileRef = 5EDE2D4AFDF8545D6A273BB8; };
2ABEDF0ABF5E2B63B7D28EBA = {isa = PBXFileReference; lastKnownFileType = sourcecode.swift; path = "NBATradeMachine/Models/LineupFeatures.swift"; sourceTree = SOURCE_ROOT; };
8D00C5BF5DA4EB1F8B0D67BA = {isa = PBXBuildFile; fileRef = 2ABEDF0ABF5E2B63B7D28EBA; };
D797BD4954112D324C489F8C = {isa = PBXFileReference; lastKnownFileType = sourcecode.swift; path = "NBATradeMachine/Models/Pick.swift"; sourceTree = SOURCE_ROOT; };
A34AEE54BC54DE3C4C9C2B4F = {isa = PBXBuildFile; fileRef = D797BD4954112D324C489F8C; };
92F14026EEFD2D9DCF68E169 = {isa = PBXFileReference; lastKnownFileType = sourcecode.swift; path = "NBATradeMachine/Models/Player.swift"; sourceTree = SOURCE_ROOT; };
67ED60FE2D9E584A77D0A5F6 = {isa = PBXBuildFile; fileRef = 92F14026EEFD2D9DCF68E169; };
8E067D6CAEBD52D2194845C0 = {isa = PBXFileReference; lastKnownFileType = sourcecode.swift; path = "NBATradeMachine/Models/PositionEligibility.swift"; sourceTree = SOURCE_ROOT; };
7BB632015F964534063B81EF = {isa = PBXBuildFile; fileRef = 8E067D6CAEBD52D2194845C0; };
6E8566C2A87D4A8B005D8F25 = {isa = PBXFileReference; lastKnownFileType = sourcecode.swift; path = "NBATradeMachine/Models/RosterValue.swift"; sourceTree = SOURCE_ROOT; };
72AF86DAFFC7865044CFDD1A = {isa = PBXBuildFile; fileRef = 6E8566C2A87D4A8B005D8F25; };
F00F1D00677256122B4739A4 = {isa = PBXFileReference; lastKnownFileType = sourcecode.swift; path = "NBATradeMachine/Models/Team.swift"; sourceTree = SOURCE_ROOT; };
EEC016F6AA0E23C1551B9246 = {isa = PBXBuildFile; fileRef = F00F1D00677256122B4739A4; };
6F56BAAEBC97D2CAA55B2093 = {isa = PBXFileReference; lastKnownFileType = sourcecode.swift; path = "NBATradeMachine/Models/ThetaBoardValue.swift"; sourceTree = SOURCE_ROOT; };
25ED86B68A29AC3743E63504 = {isa = PBXBuildFile; fileRef = 6F56BAAEBC97D2CAA55B2093; };
FF330C14D85A07AF794669B7 = {isa = PBXFileReference; lastKnownFileType = sourcecode.swift; path = "NBATradeMachine/Models/ThetaV2.swift"; sourceTree = SOURCE_ROOT; };
200D5B347EAE740797B92050 = {isa = PBXBuildFile; fileRef = FF330C14D85A07AF794669B7; };
F3FEA61F5C4BF6062D777676 = {isa = PBXFileReference; lastKnownFileType = sourcecode.swift; path = "NBATradeMachine/Models/Trade.swift"; sourceTree = SOURCE_ROOT; };
21ED70DBD1A566F3AD417887 = {isa = PBXBuildFile; fileRef = F3FEA61F5C4BF6062D777676; };
8B6844E8025D0455D5A59049 = {isa = PBXFileReference; lastKnownFileType = sourcecode.swift; path = "NBATradeMachine/Models/TradeValue.swift"; sourceTree = SOURCE_ROOT; };
A98F8E643AA00E795EDB3BC3 = {isa = PBXBuildFile; fileRef = 8B6844E8025D0455D5A59049; };
40EB96167B18EA42B8A997E6 = {isa = PBXFileReference; lastKnownFileType = sourcecode.swift; path = "NBATradeMachine/Models/DraftGame.swift"; sourceTree = SOURCE_ROOT; };
FE905C6E752A8D3FAD926B64 = {isa = PBXBuildFile; fileRef = 40EB96167B18EA42B8A997E6; };
9AA790D46DF568DA48491B3F = {isa = PBXFileReference; lastKnownFileType = sourcecode.swift; path = "NBATradeMachine/Models/DraftGameRegistry.swift"; sourceTree = SOURCE_ROOT; };
9F5E16A1CEFB1C53CB7F29E2 = {isa = PBXBuildFile; fileRef = 9AA790D46DF568DA48491B3F; };
7A1377F0C1AC5A96DC28E487 = {isa = PBXFileReference; lastKnownFileType = sourcecode.swift; path = "NBATradeMachine/Models/GameModels.swift"; sourceTree = SOURCE_ROOT; };
56921A0A685BB20355406192 = {isa = PBXBuildFile; fileRef = 7A1377F0C1AC5A96DC28E487; };
660C04BCC13814DB2FB6DB92 = {isa = PBXFileReference; lastKnownFileType = sourcecode.swift; path = "NBATradeMachine/Models/GamesEngine/Bracket/BracketConfig.swift"; sourceTree = SOURCE_ROOT; };
0A6B93D87E6B5675465512E1 = {isa = PBXBuildFile; fileRef = 660C04BCC13814DB2FB6DB92; };
C6DD90949DC1B2E5F8E17EAB = {isa = PBXFileReference; lastKnownFileType = sourcecode.swift; path = "NBATradeMachine/Models/GamesEngine/Bracket/BracketEngine.swift"; sourceTree = SOURCE_ROOT; };
3E31CA30D07C2892642D3D07 = {isa = PBXBuildFile; fileRef = C6DD90949DC1B2E5F8E17EAB; };
9B7D053BABC76543F6B1DF07 = {isa = PBXFileReference; lastKnownFileType = sourcecode.swift; path = "NBATradeMachine/Models/GamesEngine/Bracket/BracketPresets.swift"; sourceTree = SOURCE_ROOT; };
61A4A98A40F62710295F85C3 = {isa = PBXBuildFile; fileRef = 9B7D053BABC76543F6B1DF07; };
E77E2A6C24B54B46DDACDED0 = {isa = PBXFileReference; lastKnownFileType = sourcecode.swift; path = "NBATradeMachine/Models/GamesEngine/Bracket/BracketScorer.swift"; sourceTree = SOURCE_ROOT; };
DB64150BB9F06CF4D7C4EAA5 = {isa = PBXBuildFile; fileRef = E77E2A6C24B54B46DDACDED0; };
9339C28B53A4E93FA7ED30E7 = {isa = PBXFileReference; lastKnownFileType = sourcecode.swift; path = "NBATradeMachine/Models/GamesEngine/Classification/ClassificationConfig.swift"; sourceTree = SOURCE_ROOT; };
A1C69B1FA4960133CAABBA6C = {isa = PBXBuildFile; fileRef = 9339C28B53A4E93FA7ED30E7; };
47DC3F97B2189862CE2DA142 = {isa = PBXFileReference; lastKnownFileType = sourcecode.swift; path = "NBATradeMachine/Models/GamesEngine/Classification/ClassificationEngine.swift"; sourceTree = SOURCE_ROOT; };
62CF0A6F10FCC3EFB1A17596 = {isa = PBXBuildFile; fileRef = 47DC3F97B2189862CE2DA142; };
320922A991944ADC41FE7E97 = {isa = PBXFileReference; lastKnownFileType = sourcecode.swift; path = "NBATradeMachine/Models/GamesEngine/Classification/ClassificationPresets.swift"; sourceTree = SOURCE_ROOT; };
9E7A650B6E48E2DA8AEF8E86 = {isa = PBXBuildFile; fileRef = 320922A991944ADC41FE7E97; };
AFFACFF23AA58BB9F099AADB = {isa = PBXFileReference; lastKnownFileType = sourcecode.swift; path = "NBATradeMachine/Models/GamesEngine/Classification/ClassificationScorer.swift"; sourceTree = SOURCE_ROOT; };
710E1D690CFF1EF07CE167A8 = {isa = PBXBuildFile; fileRef = AFFACFF23AA58BB9F099AADB; };
5920A6C69B4CBFCA1791CF55 = {isa = PBXFileReference; lastKnownFileType = sourcecode.swift; path = "NBATradeMachine/Models/GamesEngine/Compare/CompareConfig.swift"; sourceTree = SOURCE_ROOT; };
04BDFA77F5F234BBD7B4A4DC = {isa = PBXBuildFile; fileRef = 5920A6C69B4CBFCA1791CF55; };
7CEFD6DB3FD5B4BDD64DEFAB = {isa = PBXFileReference; lastKnownFileType = sourcecode.swift; path = "NBATradeMachine/Models/GamesEngine/Compare/CompareEngine.swift"; sourceTree = SOURCE_ROOT; };
558BE0C031FE8C9FBC6B3AE6 = {isa = PBXBuildFile; fileRef = 7CEFD6DB3FD5B4BDD64DEFAB; };
4FD8D9188B758C5DF4EF3A82 = {isa = PBXFileReference; lastKnownFileType = sourcecode.swift; path = "NBATradeMachine/Models/GamesEngine/Compare/ComparePresets.swift"; sourceTree = SOURCE_ROOT; };
ED60C36D9EB0EA183618290B = {isa = PBXBuildFile; fileRef = 4FD8D9188B758C5DF4EF3A82; };
687726DB7BB7DA46C91DAD95 = {isa = PBXFileReference; lastKnownFileType = sourcecode.swift; path = "NBATradeMachine/Models/GamesEngine/Connection/ConnectionEngine.swift"; sourceTree = SOURCE_ROOT; };
DCAC80CD75B8D236B08454EE = {isa = PBXBuildFile; fileRef = 687726DB7BB7DA46C91DAD95; };
F53269304AC5E6BB8B6C1D88 = {isa = PBXFileReference; lastKnownFileType = sourcecode.swift; path = "NBATradeMachine/Models/GamesEngine/Connection/ConnectionPresets.swift"; sourceTree = SOURCE_ROOT; };
A694D99FF7C524C2DE258980 = {isa = PBXBuildFile; fileRef = F53269304AC5E6BB8B6C1D88; };
62BFA2A319494A70A5A2D11A = {isa = PBXFileReference; lastKnownFileType = sourcecode.swift; path = "NBATradeMachine/Models/GamesEngine/Creator/CreatorOptions.swift"; sourceTree = SOURCE_ROOT; };
509727E5A8FB927A9A29C7F9 = {isa = PBXBuildFile; fileRef = 62BFA2A319494A70A5A2D11A; };
89AD1D4AA2093856D30D8FA9 = {isa = PBXFileReference; lastKnownFileType = sourcecode.swift; path = "NBATradeMachine/Models/GamesEngine/Creator/GameDefinitionRepository.swift"; sourceTree = SOURCE_ROOT; };
E6DF79F27EC543C832593705 = {isa = PBXBuildFile; fileRef = 89AD1D4AA2093856D30D8FA9; };
520E6702B1D383AE8EAB03FC = {isa = PBXFileReference; lastKnownFileType = sourcecode.swift; path = "NBATradeMachine/Models/GamesEngine/Creator/GameDefinitionValidator.swift"; sourceTree = SOURCE_ROOT; };
F81A2B2ECF7ECB9BCD72F4C8 = {isa = PBXBuildFile; fileRef = 520E6702B1D383AE8EAB03FC; };
383AADFDF3559AE0BC56E7D0 = {isa = PBXFileReference; lastKnownFileType = sourcecode.swift; path = "NBATradeMachine/Models/GamesEngine/Creator/GameDraft.swift"; sourceTree = SOURCE_ROOT; };
92894FB1C7FB21AD3F9E76B0 = {isa = PBXBuildFile; fileRef = 383AADFDF3559AE0BC56E7D0; };
2E13C3C9A0BDA29D4A047A61 = {isa = PBXFileReference; lastKnownFileType = sourcecode.swift; path = "NBATradeMachine/Models/GamesEngine/Daily/DailyChallenge.swift"; sourceTree = SOURCE_ROOT; };
8BBA884F415DDF62545F5AC2 = {isa = PBXBuildFile; fileRef = 2E13C3C9A0BDA29D4A047A61; };
BE79CC34C4B8F619E255FCAF = {isa = PBXFileReference; lastKnownFileType = sourcecode.swift; path = "NBATradeMachine/Models/GamesEngine/Daily/NoveltyFingerprint.swift"; sourceTree = SOURCE_ROOT; };
94A74C5B86ABCB4C4A0EB0EE = {isa = PBXBuildFile; fileRef = BE79CC34C4B8F619E255FCAF; };
FB589BEC6A1D53E507773363 = {isa = PBXFileReference; lastKnownFileType = sourcecode.swift; path = "NBATradeMachine/Models/GamesEngine/GameConstraint.swift"; sourceTree = SOURCE_ROOT; };
26F1EBC7B807ACEA0A45CDA8 = {isa = PBXBuildFile; fileRef = FB589BEC6A1D53E507773363; };
6AA3FD6BA8F8E70EFE24D2FA = {isa = PBXFileReference; lastKnownFileType = sourcecode.swift; path = "NBATradeMachine/Models/GamesEngine/GameCPUPolicy.swift"; sourceTree = SOURCE_ROOT; };
5876FBC119EE0D1D0695DF3D = {isa = PBXBuildFile; fileRef = 6AA3FD6BA8F8E70EFE24D2FA; };
958E0224094E1DBA7E725556 = {isa = PBXFileReference; lastKnownFileType = sourcecode.swift; path = "NBATradeMachine/Models/GamesEngine/GameDefinition.swift"; sourceTree = SOURCE_ROOT; };
2D6DD59646C090D6F951B85B = {isa = PBXBuildFile; fileRef = 958E0224094E1DBA7E725556; };
5C6DA4234ABA3D4CA51A0F6F = {isa = PBXFileReference; lastKnownFileType = sourcecode.swift; path = "NBATradeMachine/Models/GamesEngine/GameEconomy.swift"; sourceTree = SOURCE_ROOT; };
9D515A02CD48E4CB770A10D6 = {isa = PBXBuildFile; fileRef = 5C6DA4234ABA3D4CA51A0F6F; };
6877DDE5B9F5011C0A214778 = {isa = PBXFileReference; lastKnownFileType = sourcecode.swift; path = "NBATradeMachine/Models/GamesEngine/GameEntityRecord.swift"; sourceTree = SOURCE_ROOT; };
EAF48524843A489CF6955BBB = {isa = PBXBuildFile; fileRef = 6877DDE5B9F5011C0A214778; };
0940E729EECB8374B9B641B4 = {isa = PBXFileReference; lastKnownFileType = sourcecode.swift; path = "NBATradeMachine/Models/GamesEngine/GameFeasibility.swift"; sourceTree = SOURCE_ROOT; };
283DB2E643052A09EAE266F8 = {isa = PBXBuildFile; fileRef = 0940E729EECB8374B9B641B4; };
7E56D2274EBEAF12CD5759DB = {isa = PBXFileReference; lastKnownFileType = sourcecode.swift; path = "NBATradeMachine/Models/GamesEngine/GameLauncher.swift"; sourceTree = SOURCE_ROOT; };
B394880BAFD5D0E830AB0143 = {isa = PBXBuildFile; fileRef = 7E56D2274EBEAF12CD5759DB; };
7FABA4CD320DF69E3E310C18 = {isa = PBXFileReference; lastKnownFileType = sourcecode.swift; path = "NBATradeMachine/Models/GamesEngine/GameModifiers.swift"; sourceTree = SOURCE_ROOT; };
89231633F0FE079C73B36F93 = {isa = PBXBuildFile; fileRef = 7FABA4CD320DF69E3E310C18; };
5D5945B8DBCD14D5BC359ACD = {isa = PBXFileReference; lastKnownFileType = sourcecode.swift; path = "NBATradeMachine/Models/GamesEngine/GamePoolBuilder.swift"; sourceTree = SOURCE_ROOT; };
C2DED7AA3043C0E69C7B9C6A = {isa = PBXBuildFile; fileRef = 5D5945B8DBCD14D5BC359ACD; };
18700BBF786997300593AFF0 = {isa = PBXFileReference; lastKnownFileType = sourcecode.swift; path = "NBATradeMachine/Models/GamesEngine/GamePresets.swift"; sourceTree = SOURCE_ROOT; };
54B5AC0EFAAA9F4408B597F4 = {isa = PBXBuildFile; fileRef = 18700BBF786997300593AFF0; };
31EA4C9E9376738BBA0F57D3 = {isa = PBXFileReference; lastKnownFileType = sourcecode.swift; path = "NBATradeMachine/Models/GamesEngine/Grid/GridConfig.swift"; sourceTree = SOURCE_ROOT; };
3A3E1B0008D189BC239ED5F7 = {isa = PBXBuildFile; fileRef = 31EA4C9E9376738BBA0F57D3; };
B792F4F8111768E168E15068 = {isa = PBXFileReference; lastKnownFileType = sourcecode.swift; path = "NBATradeMachine/Models/GamesEngine/Grid/GridEngine.swift"; sourceTree = SOURCE_ROOT; };
018610B66A31176907111CEB = {isa = PBXBuildFile; fileRef = B792F4F8111768E168E15068; };
DC01467EA0D73D42005C8C60 = {isa = PBXFileReference; lastKnownFileType = sourcecode.swift; path = "NBATradeMachine/Models/GamesEngine/Grid/GridField.swift"; sourceTree = SOURCE_ROOT; };
4BA7F3A70083097326301953 = {isa = PBXBuildFile; fileRef = DC01467EA0D73D42005C8C60; };
63B0DAFA9B4BDD0877CAA7E6 = {isa = PBXFileReference; lastKnownFileType = sourcecode.swift; path = "NBATradeMachine/Models/GamesEngine/Grid/GridPresets.swift"; sourceTree = SOURCE_ROOT; };
550097957E468DF4FE789EA6 = {isa = PBXBuildFile; fileRef = 63B0DAFA9B4BDD0877CAA7E6; };
9805F98F815DF8A84D81C584 = {isa = PBXFileReference; lastKnownFileType = sourcecode.swift; path = "NBATradeMachine/Models/GamesEngine/Grid/GridRarityScorer.swift"; sourceTree = SOURCE_ROOT; };
E904CBCD5505B73AB2245466 = {isa = PBXBuildFile; fileRef = 9805F98F815DF8A84D81C584; };
4A54A40741D86EFB8888FC17 = {isa = PBXFileReference; lastKnownFileType = sourcecode.swift; path = "NBATradeMachine/Models/GamesEngine/Guess/GuessConfig.swift"; sourceTree = SOURCE_ROOT; };
1C13A20FFDB3596503EC54B7 = {isa = PBXBuildFile; fileRef = 4A54A40741D86EFB8888FC17; };
F8F9DDA9D2BB8D8FF59A8C44 = {isa = PBXFileReference; lastKnownFileType = sourcecode.swift; path = "NBATradeMachine/Models/GamesEngine/Guess/GuessEngine.swift"; sourceTree = SOURCE_ROOT; };
7DEF1C57700705AAEEDA06C6 = {isa = PBXBuildFile; fileRef = F8F9DDA9D2BB8D8FF59A8C44; };
84DD560F49C4398626D7A178 = {isa = PBXFileReference; lastKnownFileType = sourcecode.swift; path = "NBATradeMachine/Models/GamesEngine/Guess/GuessPresets.swift"; sourceTree = SOURCE_ROOT; };
B45C2C2C80A62CD4AAE26DC3 = {isa = PBXBuildFile; fileRef = 84DD560F49C4398626D7A178; };
B19EAFE750DE24D47C49B13B = {isa = PBXFileReference; lastKnownFileType = sourcecode.swift; path = "NBATradeMachine/Models/GamesEngine/Guess/GuessScorer.swift"; sourceTree = SOURCE_ROOT; };
0ABBD9C88184E3CED637339C = {isa = PBXBuildFile; fileRef = B19EAFE750DE24D47C49B13B; };
F33D576E591AD24D7CB03C55 = {isa = PBXFileReference; lastKnownFileType = sourcecode.swift; path = "NBATradeMachine/Models/GamesEngine/Historical/HistoricalFilter.swift"; sourceTree = SOURCE_ROOT; };
D488F5AD66BE4B75F9A3DD16 = {isa = PBXBuildFile; fileRef = F33D576E591AD24D7CB03C55; };
D6EE2AF62A9DC1F4E5CDF86C = {isa = PBXFileReference; lastKnownFileType = sourcecode.swift; path = "NBATradeMachine/Models/GamesEngine/Historical/HistoricalNameIndex.swift"; sourceTree = SOURCE_ROOT; };
4701903E91EAF95CF6AC3CC4 = {isa = PBXBuildFile; fileRef = D6EE2AF62A9DC1F4E5CDF86C; };
B3B095C4418CEFBED2C50FCF = {isa = PBXFileReference; lastKnownFileType = sourcecode.swift; path = "NBATradeMachine/Models/GamesEngine/Historical/HistoricalPlayerEntity.swift"; sourceTree = SOURCE_ROOT; };
09868F643EF4A0F11C545389 = {isa = PBXBuildFile; fileRef = B3B095C4418CEFBED2C50FCF; };
4643EFBB2D19333F9B975185 = {isa = PBXFileReference; lastKnownFileType = sourcecode.swift; path = "NBATradeMachine/Models/GamesEngine/Historical/HistoricalPoolBuilder.swift"; sourceTree = SOURCE_ROOT; };
E83B0F86436FD5475504735B = {isa = PBXBuildFile; fileRef = 4643EFBB2D19333F9B975185; };
FC74E578B800D99E46AE0DA7 = {isa = PBXFileReference; lastKnownFileType = sourcecode.swift; path = "NBATradeMachine/Models/GamesEngine/Historical/HistoricalPresets.swift"; sourceTree = SOURCE_ROOT; };
CBD9A9C1769D2EE176415781 = {isa = PBXBuildFile; fileRef = FC74E578B800D99E46AE0DA7; };
7A2872F6C5089B20128E7FC2 = {isa = PBXFileReference; lastKnownFileType = sourcecode.swift; path = "NBATradeMachine/Models/GamesEngine/Historical/HistoricalSeasonRecord.swift"; sourceTree = SOURCE_ROOT; };
6207698D9DD607C165E7FF28 = {isa = PBXBuildFile; fileRef = 7A2872F6C5089B20128E7FC2; };
7F20FF6826882BBF1910B04C = {isa = PBXFileReference; lastKnownFileType = sourcecode.swift; path = "NBATradeMachine/Models/GamesEngine/Historical/TeammateGraph.swift"; sourceTree = SOURCE_ROOT; };
F6E7A3019BEFA0484CD27945 = {isa = PBXBuildFile; fileRef = 7F20FF6826882BBF1910B04C; };
E65D9724631B4DBFD7072A9C = {isa = PBXFileReference; lastKnownFileType = sourcecode.swift; path = "NBATradeMachine/Models/GamesEngine/Quiz/QuizConfig.swift"; sourceTree = SOURCE_ROOT; };
68CE3C457199A72C0175CDEB = {isa = PBXBuildFile; fileRef = E65D9724631B4DBFD7072A9C; };
A65B7D02459AD9FF4A6C0C2F = {isa = PBXFileReference; lastKnownFileType = sourcecode.swift; path = "NBATradeMachine/Models/GamesEngine/Quiz/QuizEngine.swift"; sourceTree = SOURCE_ROOT; };
7647F7B252BE83E3A1F6C522 = {isa = PBXBuildFile; fileRef = A65B7D02459AD9FF4A6C0C2F; };
A0C47CE85B1AB0FB48BB61B8 = {isa = PBXFileReference; lastKnownFileType = sourcecode.swift; path = "NBATradeMachine/Models/GamesEngine/Quiz/QuizPresets.swift"; sourceTree = SOURCE_ROOT; };
6D40B40FEB2019750237BAC2 = {isa = PBXBuildFile; fileRef = A0C47CE85B1AB0FB48BB61B8; };
095C62F77D4B6B6CADBE208E = {isa = PBXFileReference; lastKnownFileType = sourcecode.swift; path = "NBATradeMachine/Models/GamesEngine/RosterConstructionEngine.swift"; sourceTree = SOURCE_ROOT; };
4E3918EC6209A773A432DD4A = {isa = PBXBuildFile; fileRef = 095C62F77D4B6B6CADBE208E; };
5D5D7DC2168BDD0A685392B1 = {isa = PBXFileReference; lastKnownFileType = sourcecode.swift; path = "NBATradeMachine/Models/GamesEngine/SeededRNG.swift"; sourceTree = SOURCE_ROOT; };
8AC597CB94C7DFD19EDC456F = {isa = PBXBuildFile; fileRef = 5D5D7DC2168BDD0A685392B1; };
B0611E5EE522F1535C6983DD = {isa = PBXFileReference; lastKnownFileType = sourcecode.swift; path = "NBATradeMachine/Models/GamesEngine/Survivor/SurvivorConfig.swift"; sourceTree = SOURCE_ROOT; };
D1256000745027D13F36E137 = {isa = PBXBuildFile; fileRef = B0611E5EE522F1535C6983DD; };
EDCCEB7E2D660CBFBAF16DEB = {isa = PBXFileReference; lastKnownFileType = sourcecode.swift; path = "NBATradeMachine/Models/GamesEngine/Survivor/SurvivorEngine.swift"; sourceTree = SOURCE_ROOT; };
9C505792B5B88FE35F9F9EFF = {isa = PBXBuildFile; fileRef = EDCCEB7E2D660CBFBAF16DEB; };
C4F238A1595F91A3A604879C = {isa = PBXFileReference; lastKnownFileType = sourcecode.swift; path = "NBATradeMachine/Models/GamesEngine/Survivor/SurvivorPresets.swift"; sourceTree = SOURCE_ROOT; };
B23744B1ED3101A5C9CDFBDB = {isa = PBXBuildFile; fileRef = C4F238A1595F91A3A604879C; };
85FC027198513505167A6684 = {isa = PBXFileReference; lastKnownFileType = sourcecode.swift; path = "NBATradeMachine/Services/TradeCompliance.swift"; sourceTree = SOURCE_ROOT; };
24170197CA169C69362B1C66 = {isa = PBXBuildFile; fileRef = 85FC027198513505167A6684; };
B29AD934409695993828FBC3 = {isa = PBXFileReference; lastKnownFileType = sourcecode.swift; path = "NBATradeMachine/Services/TradeAnalyzer.swift"; sourceTree = SOURCE_ROOT; };
4EA9A08ACEF8A19AA38FCA9A = {isa = PBXBuildFile; fileRef = B29AD934409695993828FBC3; };
95122589F8B97FDD265166CD = {isa = PBXFileReference; lastKnownFileType = sourcecode.swift; path = "NBATradeMachine/Offline/OfflineFixtures.swift"; sourceTree = SOURCE_ROOT; };
7D4C426F0BA322F269F14D38 = {isa = PBXBuildFile; fileRef = 95122589F8B97FDD265166CD; };
1F4D8ED1CE0390ECB36E45C2 = {isa = PBXFileReference; lastKnownFileType = sourcecode.swift; path = "NBATradeMachine/Offline/OfflineApp.swift"; sourceTree = SOURCE_ROOT; };
EA0FA320CDAC717C03EDD0E8 = {isa = PBXBuildFile; fileRef = 1F4D8ED1CE0390ECB36E45C2; };
38A007151ABE87CC01A5B6E9 = {isa = PBXFileReference; explicitFileType = wrapper.application; path = BasketballOffline.app; sourceTree = BUILT_PRODUCTS_DIR; };
64292B1C2B2E13EAD8788FC8 = {isa = PBXGroup; children = (F0B7838B0BD50AC8BD69605F,FA9020562F15A190F30DB483,64D16F5F013E1731BED9C8C3,4823AEF0AC28B47DC43351E4,5EDE2D4AFDF8545D6A273BB8,2ABEDF0ABF5E2B63B7D28EBA,D797BD4954112D324C489F8C,92F14026EEFD2D9DCF68E169,8E067D6CAEBD52D2194845C0,6E8566C2A87D4A8B005D8F25,F00F1D00677256122B4739A4,6F56BAAEBC97D2CAA55B2093,FF330C14D85A07AF794669B7,F3FEA61F5C4BF6062D777676,8B6844E8025D0455D5A59049,40EB96167B18EA42B8A997E6,9AA790D46DF568DA48491B3F,7A1377F0C1AC5A96DC28E487,660C04BCC13814DB2FB6DB92,C6DD90949DC1B2E5F8E17EAB,9B7D053BABC76543F6B1DF07,E77E2A6C24B54B46DDACDED0,9339C28B53A4E93FA7ED30E7,47DC3F97B2189862CE2DA142,320922A991944ADC41FE7E97,AFFACFF23AA58BB9F099AADB,5920A6C69B4CBFCA1791CF55,7CEFD6DB3FD5B4BDD64DEFAB,4FD8D9188B758C5DF4EF3A82,687726DB7BB7DA46C91DAD95,F53269304AC5E6BB8B6C1D88,62BFA2A319494A70A5A2D11A,89AD1D4AA2093856D30D8FA9,520E6702B1D383AE8EAB03FC,383AADFDF3559AE0BC56E7D0,2E13C3C9A0BDA29D4A047A61,BE79CC34C4B8F619E255FCAF,FB589BEC6A1D53E507773363,6AA3FD6BA8F8E70EFE24D2FA,958E0224094E1DBA7E725556,5C6DA4234ABA3D4CA51A0F6F,6877DDE5B9F5011C0A214778,0940E729EECB8374B9B641B4,7E56D2274EBEAF12CD5759DB,7FABA4CD320DF69E3E310C18,5D5945B8DBCD14D5BC359ACD,18700BBF786997300593AFF0,31EA4C9E9376738BBA0F57D3,B792F4F8111768E168E15068,DC01467EA0D73D42005C8C60,63B0DAFA9B4BDD0877CAA7E6,9805F98F815DF8A84D81C584,4A54A40741D86EFB8888FC17,F8F9DDA9D2BB8D8FF59A8C44,84DD560F49C4398626D7A178,B19EAFE750DE24D47C49B13B,F33D576E591AD24D7CB03C55,D6EE2AF62A9DC1F4E5CDF86C,B3B095C4418CEFBED2C50FCF,4643EFBB2D19333F9B975185,FC74E578B800D99E46AE0DA7,7A2872F6C5089B20128E7FC2,7F20FF6826882BBF1910B04C,E65D9724631B4DBFD7072A9C,A65B7D02459AD9FF4A6C0C2F,A0C47CE85B1AB0FB48BB61B8,095C62F77D4B6B6CADBE208E,5D5D7DC2168BDD0A685392B1,B0611E5EE522F1535C6983DD,EDCCEB7E2D660CBFBAF16DEB,C4F238A1595F91A3A604879C,85FC027198513505167A6684,B29AD934409695993828FBC3,95122589F8B97FDD265166CD,1F4D8ED1CE0390ECB36E45C2,FBDC4F23F93125BBEEAE800C); sourceTree = "<group>"; };
FBDC4F23F93125BBEEAE800C = {isa = PBXGroup; children = (38A007151ABE87CC01A5B6E9); name = Products; sourceTree = "<group>"; };
BCE16DD0260827ECF338C787 = {isa = PBXSourcesBuildPhase; buildActionMask = 2147483647; files = (0C299753D0B84D53AFD8F99C,638E4306846E51E10CF7DD36,9E1092A5A486152DEA46696C,C7F8CA5CCE122A329D718B0A,159AB4FF1DB201CB770140D2,8D00C5BF5DA4EB1F8B0D67BA,A34AEE54BC54DE3C4C9C2B4F,67ED60FE2D9E584A77D0A5F6,7BB632015F964534063B81EF,72AF86DAFFC7865044CFDD1A,EEC016F6AA0E23C1551B9246,25ED86B68A29AC3743E63504,200D5B347EAE740797B92050,21ED70DBD1A566F3AD417887,A98F8E643AA00E795EDB3BC3,FE905C6E752A8D3FAD926B64,9F5E16A1CEFB1C53CB7F29E2,56921A0A685BB20355406192,0A6B93D87E6B5675465512E1,3E31CA30D07C2892642D3D07,61A4A98A40F62710295F85C3,DB64150BB9F06CF4D7C4EAA5,A1C69B1FA4960133CAABBA6C,62CF0A6F10FCC3EFB1A17596,9E7A650B6E48E2DA8AEF8E86,710E1D690CFF1EF07CE167A8,04BDFA77F5F234BBD7B4A4DC,558BE0C031FE8C9FBC6B3AE6,ED60C36D9EB0EA183618290B,DCAC80CD75B8D236B08454EE,A694D99FF7C524C2DE258980,509727E5A8FB927A9A29C7F9,E6DF79F27EC543C832593705,F81A2B2ECF7ECB9BCD72F4C8,92894FB1C7FB21AD3F9E76B0,8BBA884F415DDF62545F5AC2,94A74C5B86ABCB4C4A0EB0EE,26F1EBC7B807ACEA0A45CDA8,5876FBC119EE0D1D0695DF3D,2D6DD59646C090D6F951B85B,9D515A02CD48E4CB770A10D6,EAF48524843A489CF6955BBB,283DB2E643052A09EAE266F8,B394880BAFD5D0E830AB0143,89231633F0FE079C73B36F93,C2DED7AA3043C0E69C7B9C6A,54B5AC0EFAAA9F4408B597F4,3A3E1B0008D189BC239ED5F7,018610B66A31176907111CEB,4BA7F3A70083097326301953,550097957E468DF4FE789EA6,E904CBCD5505B73AB2245466,1C13A20FFDB3596503EC54B7,7DEF1C57700705AAEEDA06C6,B45C2C2C80A62CD4AAE26DC3,0ABBD9C88184E3CED637339C,D488F5AD66BE4B75F9A3DD16,4701903E91EAF95CF6AC3CC4,09868F643EF4A0F11C545389,E83B0F86436FD5475504735B,CBD9A9C1769D2EE176415781,6207698D9DD607C165E7FF28,F6E7A3019BEFA0484CD27945,68CE3C457199A72C0175CDEB,7647F7B252BE83E3A1F6C522,6D40B40FEB2019750237BAC2,4E3918EC6209A773A432DD4A,8AC597CB94C7DFD19EDC456F,D1256000745027D13F36E137,9C505792B5B88FE35F9F9EFF,B23744B1ED3101A5C9CDFBDB,24170197CA169C69362B1C66,4EA9A08ACEF8A19AA38FCA9A,7D4C426F0BA322F269F14D38,EA0FA320CDAC717C03EDD0E8); runOnlyForDeploymentPostprocessing = 0; };
7561BFB015D8F536760CB671 = {isa = PBXFrameworksBuildPhase; buildActionMask = 2147483647; files = (); runOnlyForDeploymentPostprocessing = 0; };
0189424A5A60FED329FA868E = {isa = PBXResourcesBuildPhase; buildActionMask = 2147483647; files = (); runOnlyForDeploymentPostprocessing = 0; };
89E1FD6268CC0F221A2BE178 = {isa = XCBuildConfiguration; buildSettings = {SWIFT_VERSION = "5.0"; IPHONEOS_DEPLOYMENT_TARGET = "17.0"; SDKROOT = "iphoneos"; CLANG_ENABLE_MODULES = "YES"; SWIFT_OPTIMIZATION_LEVEL = "-Onone"; SWIFT_ACTIVE_COMPILATION_CONDITIONS = "DEBUG";}; name = Debug; };
E6DE6C99132752C914FEF632 = {isa = XCBuildConfiguration; buildSettings = {SWIFT_VERSION = "5.0"; IPHONEOS_DEPLOYMENT_TARGET = "17.0"; SDKROOT = "iphoneos"; CLANG_ENABLE_MODULES = "YES"; SWIFT_OPTIMIZATION_LEVEL = "-O";}; name = Release; };
862894B703A6DEDF96A9DD6C = {isa = XCConfigurationList; buildConfigurations = (89E1FD6268CC0F221A2BE178,E6DE6C99132752C914FEF632); defaultConfigurationIsVisible = 0; defaultConfigurationName = Release; };
7082CC0B6FC1282FCEABD07A = {isa = XCBuildConfiguration; buildSettings = {SWIFT_VERSION = "5.0"; IPHONEOS_DEPLOYMENT_TARGET = "17.0"; SDKROOT = "iphoneos"; CLANG_ENABLE_MODULES = "YES"; SWIFT_OPTIMIZATION_LEVEL = "-Onone"; SWIFT_ACTIVE_COMPILATION_CONDITIONS = "DEBUG"; PRODUCT_NAME = "$(TARGET_NAME)"; PRODUCT_BUNDLE_IDENTIFIER = "dev.portfolio.basketballoffline"; GENERATE_INFOPLIST_FILE = "YES"; INFOPLIST_KEY_UIApplicationSceneManifest_Generation = "YES"; INFOPLIST_KEY_UILaunchScreen_Generation = "YES"; TARGETED_DEVICE_FAMILY = "1,2"; SUPPORTED_PLATFORMS = "iphoneos iphonesimulator"; CODE_SIGN_STYLE = "Automatic"; MARKETING_VERSION = "1.0"; CURRENT_PROJECT_VERSION = "1";}; name = Debug; };
639A7CA24D39909E713B47F7 = {isa = XCBuildConfiguration; buildSettings = {SWIFT_VERSION = "5.0"; IPHONEOS_DEPLOYMENT_TARGET = "17.0"; SDKROOT = "iphoneos"; CLANG_ENABLE_MODULES = "YES"; SWIFT_OPTIMIZATION_LEVEL = "-O"; PRODUCT_NAME = "$(TARGET_NAME)"; PRODUCT_BUNDLE_IDENTIFIER = "dev.portfolio.basketballoffline"; GENERATE_INFOPLIST_FILE = "YES"; INFOPLIST_KEY_UIApplicationSceneManifest_Generation = "YES"; INFOPLIST_KEY_UILaunchScreen_Generation = "YES"; TARGETED_DEVICE_FAMILY = "1,2"; SUPPORTED_PLATFORMS = "iphoneos iphonesimulator"; CODE_SIGN_STYLE = "Automatic"; MARKETING_VERSION = "1.0"; CURRENT_PROJECT_VERSION = "1";}; name = Release; };
C57128001CE614BF8549D6BB = {isa = XCConfigurationList; buildConfigurations = (7082CC0B6FC1282FCEABD07A,639A7CA24D39909E713B47F7); defaultConfigurationIsVisible = 0; defaultConfigurationName = Release; };
0E8A3AD980EC179856012B7E = {isa = PBXNativeTarget; buildConfigurationList = C57128001CE614BF8549D6BB; buildPhases = (BCE16DD0260827ECF338C787,7561BFB015D8F536760CB671,0189424A5A60FED329FA868E); buildRules = (); dependencies = (); name = BasketballOffline; productName = BasketballOffline; productReference = 38A007151ABE87CC01A5B6E9; productType = "com.apple.product-type.application"; };
98F54143AB4E86B28C3AFEE0 = {isa = PBXProject; attributes = {LastUpgradeCheck = 2600;}; buildConfigurationList = 862894B703A6DEDF96A9DD6C; compatibilityVersion = "Xcode 15.0"; developmentRegion = en; hasScannedForEncodings = 0; knownRegions = (en,Base); mainGroup = 64292B1C2B2E13EAD8788FC8; productRefGroup = FBDC4F23F93125BBEEAE800C; projectDirPath = ""; projectRoot = ""; targets = (0E8A3AD980EC179856012B7E); };
}; rootObject = 98F54143AB4E86B28C3AFEE0; }
